
Microsoft Visual Studio Solution File, Format Version 12.00
# Visual Studio Version 17
VisualStudioVersion = 17.4.33122.133
MinimumVisualStudioVersion = 10.0.40219.1
Project("{FAE04EC0-301F-11D3-BF4B-00C04F79EFBC}") = "CSharp_Lab4", "CSharp_Lab4\CSharp_Lab4.csproj", "{42DB88E2-F4F8-47EA-AB58-851CC139B1D0}"
EndProject
Global
	GlobalSection(SolutionConfigurationPlatforms) = preSolution
		Debug|Any CPU = Debug|Any CPU
		Release|Any CPU = Release|Any CPU
	EndGlobalSection
	GlobalSection(ProjectConfigurationPlatforms) = postSolution
		{42DB88E2-F4F8-47EA-AB58-851CC139B1D0}.Debug|Any CPU.ActiveCfg = Debug|Any CPU
		{42DB88E2-F4F8-47EA-AB58-851CC139B1D0}.Debug|Any CPU.Build.0 = Debug|Any CPU
		{42DB88E2-F4F8-47EA-AB58-851CC139B1D0}.Release|Any CPU.ActiveCfg = Release|Any CPU
		{42DB88E2-F4F8-47EA-AB58-851CC139B1D0}.Release|Any CPU.Build.0 = Release|Any CPU
	EndGlobalSection
	GlobalSection(SolutionProperties) = preSolution
		HideSolutionNode = FALSE
	EndGlobalSection
	GlobalSection(ExtensibilityGlobals) = postSolution
		SolutionGuid = {BE7A7D86-1FD5-48E1-AB43-96600317A4D6}
	EndGlobalSection
EndGlobal
